<?xml version="1.0" encoding="utf-8"?>
<Project ToolsVersion="4.0" xmlns="http://schemas.microsoft.com/developer/msbuild/2003">
  <ItemGroup>
    <Filter Include="handler">
      <UniqueIdentifier>{255b971c-6dec-4af6-bd47-40b5be769c05}</UniqueIdentifier>
    </Filter>
    <Filter Include="proto">
      <UniqueIdentifier>{1b7b9aab-9ad2-448b-ac67-5493a91f8e81}</UniqueIdentifier>
    </Filter>
    <Filter Include="util">
      <UniqueIdentifier>{c3935422-786e-4db5-854a-f134ed95d9de}</UniqueIdentifier>
    </Filter>
  </ItemGroup>
  <ItemGroup>
    <ClCompile Include="handler\me_requesthandler.cpp">
      <Filter>handler</Filter>
    </ClCompile>
    <ClCompile Include="handler\me_rh_entity.cpp">
      <Filter>handler</Filter>
    </ClCompile>
    <ClCompile Include="handler\me_rh_goto.cpp">
      <Filter>handler</Filter>
    </ClCompile>
    <ClCompile Include="handler\me_rh_heartbeat.cpp">
      <Filter>handler</Filter>
    </ClCompile>
    <ClCompile Include="proto\g3rc.pb.cc">
      <Filter>proto</Filter>
    </ClCompile>
    <ClCompile Include="..\..\Shared\util\Debug.cpp">
      <Filter>util</Filter>
    </ClCompile>
    <ClCompile Include="..\..\Shared\util\Logging.cpp">
      <Filter>util</Filter>
    </ClCompile>
    <ClCompile Include="..\..\Shared\util\Util.cpp">
      <Filter>util</Filter>
    </ClCompile>
    <ClCompile Include="Script_RemoteControl.cpp" />
    <ClCompile Include="me_ipcadmin.cpp" />
    <ClCompile Include="handler\me_rh_spawn.cpp">
      <Filter>handler</Filter>
    </ClCompile>
    <ClCompile Include="handler\me_rh_property.cpp">
      <Filter>handler</Filter>
    </ClCompile>
  </ItemGroup>
  <ItemGroup>
    <ClInclude Include="handler\me_requesthandler.h">
      <Filter>handler</Filter>
    </ClInclude>
    <ClInclude Include="handler\me_rh_entity.h">
      <Filter>handler</Filter>
    </ClInclude>
    <ClInclude Include="handler\me_rh_goto.h">
      <Filter>handler</Filter>
    </ClInclude>
    <ClInclude Include="handler\me_rh_heartbeat.h">
      <Filter>handler</Filter>
    </ClInclude>
    <ClInclude Include="proto\g3rc.pb.h">
      <Filter>proto</Filter>
    </ClInclude>
    <ClInclude Include="..\..\Shared\util\Debug.h">
      <Filter>util</Filter>
    </ClInclude>
    <ClInclude Include="..\..\Shared\util\Logging.h">
      <Filter>util</Filter>
    </ClInclude>
    <ClInclude Include="..\..\Shared\util\Util.h">
      <Filter>util</Filter>
    </ClInclude>
    <ClInclude Include="Script_RemoteControl.h" />
    <ClInclude Include="me_ipcadmin.h" />
    <ClInclude Include="handler\me_rh_spawn.h">
      <Filter>handler</Filter>
    </ClInclude>
    <ClInclude Include="handler\me_rh_property.h">
      <Filter>handler</Filter>
    </ClInclude>
  </ItemGroup>
  <ItemGroup>
    <None Include="..\..\Shared\util\Logging.inl">
      <Filter>util</Filter>
    </None>
  </ItemGroup>
</Project>