<?xml version="1.0" encoding="utf-8"?>
<Project ToolsVersion="4.0" xmlns="http://schemas.microsoft.com/developer/msbuild/2003">
  <ItemGroup>
    <Filter Include="include">
      <UniqueIdentifier>{93995380-89BD-4b04-88EB-625FBE52EBFB}</UniqueIdentifier>
    </Filter>
    <Filter Include="include\Common">
      <UniqueIdentifier>{93995380-89BD-4b04-88EB-625FBE52EBFB}</UniqueIdentifier>
    </Filter>
    <Filter Include="include\Common\EABase">
      <UniqueIdentifier>{14821e67-d7d2-4e34-bdbd-5e0b5df35f1c}</UniqueIdentifier>
    </Filter>
    <Filter Include="include\Common\EABase\config">
      <UniqueIdentifier>{0e81ad0e-3fe4-4e52-ae69-233797ed12aa}</UniqueIdentifier>
    </Filter>
  </ItemGroup>
  <ItemGroup>
    <ClInclude Include="include\Common\EABase\config\eacompiler.h">
      <Filter>include\Common\EABase\config</Filter>
    </ClInclude>
    <ClInclude Include="include\Common\EABase\config\eacompilertraits.h">
      <Filter>include\Common\EABase\config</Filter>
    </ClInclude>
    <ClInclude Include="include\Common\EABase\config\eaplatform.h">
      <Filter>include\Common\EABase\config</Filter>
    </ClInclude>
    <ClInclude Include="include\Common\EABase\eabase.h">
      <Filter>include\Common\EABase</Filter>
    </ClInclude>
    <ClInclude Include="include\Common\EABase\earesult.h">
      <Filter>include\Common\EABase</Filter>
    </ClInclude>
  </ItemGroup>
</Project>