<?xml version="1.0" encoding="utf-8"?>
<Project ToolsVersion="4.0" xmlns="http://schemas.microsoft.com/developer/msbuild/2003">
  <ItemGroup>
    <Filter Include="source">
      <UniqueIdentifier>{a70867fa-5793-4c8b-8b5e-ec11347bbd66}</UniqueIdentifier>
    </Filter>
    <Filter Include="source\console">
      <UniqueIdentifier>{996b24c2-3801-463e-a40e-cfd162a0afe9}</UniqueIdentifier>
    </Filter>
    <Filter Include="source\console\Entity">
      <UniqueIdentifier>{33d36edf-117b-4126-b985-68a22277eee5}</UniqueIdentifier>
    </Filter>
    <Filter Include="source\console\File">
      <UniqueIdentifier>{2a76e7de-3f95-4e66-8736-66c4f12fac3b}</UniqueIdentifier>
    </Filter>
    <Filter Include="source\console\Tools">
      <UniqueIdentifier>{49313266-c87a-4965-8566-293bd90dbe78}</UniqueIdentifier>
    </Filter>
    <Filter Include="source\console\Vars">
      <UniqueIdentifier>{9587ea52-1dc8-4738-884a-b180a3a91e92}</UniqueIdentifier>
    </Filter>
    <Filter Include="source\console\World">
      <UniqueIdentifier>{d11426e3-4cee-400a-b9af-876a95ee2e41}</UniqueIdentifier>
    </Filter>
    <Filter Include="source\mods">
      <UniqueIdentifier>{57e7e3cf-eca6-43cf-b00f-de052e69af36}</UniqueIdentifier>
    </Filter>
    <Filter Include="source\util">
      <UniqueIdentifier>{3a658a60-6e61-4a2a-bb0c-fc65fb9e85b5}</UniqueIdentifier>
    </Filter>
  </ItemGroup>
  <ItemGroup>
    <ClCompile Include="..\..\Shared\util\AsmjitUtil.cpp">
      <Filter>source\util</Filter>
    </ClCompile>
    <ClCompile Include="..\..\Shared\util\Debug.cpp">
      <Filter>source\util</Filter>
    </ClCompile>
    <ClCompile Include="..\..\Shared\util\Hook.cpp">
      <Filter>source\util</Filter>
    </ClCompile>
    <ClCompile Include="..\..\Shared\util\Logging.cpp">
      <Filter>source\util</Filter>
    </ClCompile>
    <ClCompile Include="..\..\Shared\util\Memory.cpp">
      <Filter>source\util</Filter>
    </ClCompile>
    <ClCompile Include="..\..\Shared\util\Util.cpp">
      <Filter>source\util</Filter>
    </ClCompile>
    <ClCompile Include="source\Script_ModMe.cpp">
      <Filter>source</Filter>
    </ClCompile>
    <ClCompile Include="source\console\m_commandhandler.cpp">
      <Filter>source\console</Filter>
    </ClCompile>
    <ClCompile Include="source\console\Entity\Entity.cpp">
      <Filter>source\console\Entity</Filter>
    </ClCompile>
    <ClCompile Include="source\console\Entity\Entity_Enable.cpp">
      <Filter>source\console\Entity</Filter>
    </ClCompile>
    <ClCompile Include="source\console\Entity\Entity_Equip.cpp">
      <Filter>source\console\Entity</Filter>
    </ClCompile>
    <ClCompile Include="source\console\Entity\Entity_Goto.cpp">
      <Filter>source\console\Entity</Filter>
    </ClCompile>
    <ClCompile Include="source\console\Entity\Entity_LogInventory.cpp">
      <Filter>source\console\Entity</Filter>
    </ClCompile>
    <ClCompile Include="source\console\File\File.cpp">
      <Filter>source\console\File</Filter>
    </ClCompile>
    <ClCompile Include="source\console\File\File_ColMesh.cpp">
      <Filter>source\console\File</Filter>
    </ClCompile>
    <ClCompile Include="source\console\File\File_Dump.cpp">
      <Filter>source\console\File</Filter>
    </ClCompile>
    <ClCompile Include="source\console\File\File_Reload.cpp">
      <Filter>source\console\File</Filter>
    </ClCompile>
    <ClCompile Include="source\console\Tools\Tools.cpp">
      <Filter>source\console\Tools</Filter>
    </ClCompile>
    <ClCompile Include="source\console\Tools\Tools_DumpGameState.cpp">
      <Filter>source\console\Tools</Filter>
    </ClCompile>
    <ClCompile Include="source\console\Tools\Tools_GameEvent.cpp">
      <Filter>source\console\Tools</Filter>
    </ClCompile>
    <ClCompile Include="source\console\Tools\Tools_Quest.cpp">
      <Filter>source\console\Tools</Filter>
    </ClCompile>
    <ClCompile Include="source\console\Tools\Tools_SetStringtable.cpp">
      <Filter>source\console\Tools</Filter>
    </ClCompile>
    <ClCompile Include="source\console\Vars\Vars.cpp">
      <Filter>source\console\Vars</Filter>
    </ClCompile>
    <ClCompile Include="source\console\World\World.cpp">
      <Filter>source\console\World</Filter>
    </ClCompile>
    <ClCompile Include="source\console\World\World_CompileLightmaps.cpp">
      <Filter>source\console\World</Filter>
    </ClCompile>
    <ClCompile Include="source\console\World\World_SaveLayer.cpp">
      <Filter>source\console\World</Filter>
    </ClCompile>
    <ClCompile Include="source\console\World\World_SaveSector.cpp">
      <Filter>source\console\World</Filter>
    </ClCompile>
    <ClCompile Include="source\mods\FixResourceAnimationActor.cpp">
      <Filter>source\mods</Filter>
    </ClCompile>
    <ClCompile Include="source\mods\FixResourceMeshComplex.cpp">
      <Filter>source\mods</Filter>
    </ClCompile>
    <ClCompile Include="source\mods\ResourceCompiler.cpp">
      <Filter>source\mods</Filter>
    </ClCompile>
    <ClCompile Include="..\..\Shared\util\Module.cpp">
      <Filter>source\util</Filter>
    </ClCompile>
    <ClCompile Include="source\mods\DummyCollector.cpp">
      <Filter>source\mods</Filter>
    </ClCompile>
    <ClCompile Include="source\mods\EasyStart.cpp">
      <Filter>source\mods</Filter>
    </ClCompile>
    <ClCompile Include="source\mods\MessageLogger.cpp">
      <Filter>source\mods</Filter>
    </ClCompile>
    <ClCompile Include="source\mods\CollisionShape.cpp">
      <Filter>source\mods</Filter>
    </ClCompile>
  </ItemGroup>
  <ItemGroup>
    <ClInclude Include="..\..\Shared\util\AsmjitUtil.h">
      <Filter>source\util</Filter>
    </ClInclude>
    <ClInclude Include="..\..\Shared\util\Debug.h">
      <Filter>source\util</Filter>
    </ClInclude>
    <ClInclude Include="..\..\Shared\util\Hook.h">
      <Filter>source\util</Filter>
    </ClInclude>
    <ClInclude Include="..\..\Shared\util\Logging.h">
      <Filter>source\util</Filter>
    </ClInclude>
    <ClInclude Include="..\..\Shared\util\Memory.h">
      <Filter>source\util</Filter>
    </ClInclude>
    <ClInclude Include="..\..\Shared\util\Util.h">
      <Filter>source\util</Filter>
    </ClInclude>
    <ClInclude Include="source\console\m_commandhandler.h">
      <Filter>source\console</Filter>
    </ClInclude>
    <ClInclude Include="source\console\Entity\Entity.h">
      <Filter>source\console\Entity</Filter>
    </ClInclude>
    <ClInclude Include="source\console\Entity\Entity_Enable.h">
      <Filter>source\console\Entity</Filter>
    </ClInclude>
    <ClInclude Include="source\console\Entity\Entity_Equip.h">
      <Filter>source\console\Entity</Filter>
    </ClInclude>
    <ClInclude Include="source\console\Entity\Entity_Goto.h">
      <Filter>source\console\Entity</Filter>
    </ClInclude>
    <ClInclude Include="source\console\Entity\Entity_LogInventory.h">
      <Filter>source\console\Entity</Filter>
    </ClInclude>
    <ClInclude Include="source\console\File\File.h">
      <Filter>source\console\File</Filter>
    </ClInclude>
    <ClInclude Include="source\console\File\File_ColMesh.h">
      <Filter>source\console\File</Filter>
    </ClInclude>
    <ClInclude Include="source\console\File\File_Dump.h">
      <Filter>source\console\File</Filter>
    </ClInclude>
    <ClInclude Include="source\console\File\File_Reload.h">
      <Filter>source\console\File</Filter>
    </ClInclude>
    <ClInclude Include="source\console\Tools\Tools.h">
      <Filter>source\console\Tools</Filter>
    </ClInclude>
    <ClInclude Include="source\console\Tools\Tools_DumpGameState.h">
      <Filter>source\console\Tools</Filter>
    </ClInclude>
    <ClInclude Include="source\console\Tools\Tools_GameEvent.h">
      <Filter>source\console\Tools</Filter>
    </ClInclude>
    <ClInclude Include="source\console\Tools\Tools_Quest.h">
      <Filter>source\console\Tools</Filter>
    </ClInclude>
    <ClInclude Include="source\console\Tools\Tools_SetStringtable.h">
      <Filter>source\console\Tools</Filter>
    </ClInclude>
    <ClInclude Include="source\console\Vars\Vars.h">
      <Filter>source\console\Vars</Filter>
    </ClInclude>
    <ClInclude Include="source\console\World\World.h">
      <Filter>source\console\World</Filter>
    </ClInclude>
    <ClInclude Include="source\console\World\World_CompileLightmaps.h">
      <Filter>source\console\World</Filter>
    </ClInclude>
    <ClInclude Include="source\console\World\World_SaveLayer.h">
      <Filter>source\console\World</Filter>
    </ClInclude>
    <ClInclude Include="source\console\World\World_SaveSector.h">
      <Filter>source\console\World</Filter>
    </ClInclude>
    <ClInclude Include="source\Common.h">
      <Filter>source</Filter>
    </ClInclude>
    <ClInclude Include="source\mods\ResourceCompiler.h">
      <Filter>source\mods</Filter>
    </ClInclude>
    <ClInclude Include="..\..\Shared\util\Module.h">
      <Filter>source\util</Filter>
    </ClInclude>
    <ClInclude Include="source\ModSettings.h">
      <Filter>source</Filter>
    </ClInclude>
  </ItemGroup>
  <ItemGroup>
    <None Include="..\..\Shared\util\Logging.inl">
      <Filter>source\util</Filter>
    </None>
  </ItemGroup>
</Project>