<?xml version="1.0" encoding="utf-8"?>
<Project ToolsVersion="4.0" xmlns="http://schemas.microsoft.com/developer/msbuild/2003">
  <ItemGroup>
    <Filter Include="cell">
      <UniqueIdentifier>{7310edca-7ce1-4f36-8db3-6c7387623af8}</UniqueIdentifier>
    </Filter>
    <Filter Include="collision">
      <UniqueIdentifier>{b6979f06-2fe2-4f58-b8ff-ef799533a788}</UniqueIdentifier>
    </Filter>
    <Filter Include="entity">
      <UniqueIdentifier>{a210eb23-69ed-40c8-a0b4-e4f3e5e3ca36}</UniqueIdentifier>
    </Filter>
    <Filter Include="entity\proxy">
      <UniqueIdentifier>{9c02fa0f-01f1-46b1-b4b9-5becc58cde03}</UniqueIdentifier>
    </Filter>
    <Filter Include="font">
      <UniqueIdentifier>{f7a2daae-ae90-4141-9d5a-2b9ab7993c4f}</UniqueIdentifier>
    </Filter>
    <Filter Include="io">
      <UniqueIdentifier>{f6419db2-c0e5-446e-b258-d86d3f7c3785}</UniqueIdentifier>
    </Filter>
    <Filter Include="io\console">
      <UniqueIdentifier>{55b43cb9-33ae-4589-a244-fe22031cd3dd}</UniqueIdentifier>
    </Filter>
    <Filter Include="io\file">
      <UniqueIdentifier>{ad8d1514-32cc-4f48-a472-10cbbaa87787}</UniqueIdentifier>
    </Filter>
    <Filter Include="localization">
      <UniqueIdentifier>{76e1667a-8de3-47b3-8e38-ffc733216fa1}</UniqueIdentifier>
    </Filter>
    <Filter Include="api">
      <UniqueIdentifier>{1875087b-0797-43af-99b0-f54f3e97efc0}</UniqueIdentifier>
    </Filter>
    <Filter Include="api\dx9">
      <UniqueIdentifier>{5f5f4ea4-b75b-409a-9d82-73a855901d51}</UniqueIdentifier>
    </Filter>
    <Filter Include="animation">
      <UniqueIdentifier>{57d7c1fa-10ac-47e9-b558-34b45f4e57dc}</UniqueIdentifier>
    </Filter>
  </ItemGroup>
  <ItemGroup>
    <ClInclude Include="Engine\ge_pvscellitem.h">
      <Filter>cell</Filter>
    </ClInclude>
    <ClInclude Include="Engine\ge_pvsprefetcher3.h">
      <Filter>cell</Filter>
    </ClInclude>
    <ClInclude Include="Engine\ge_pvsprefetcherjob.h">
      <Filter>cell</Filter>
    </ClInclude>
    <ClInclude Include="Engine\ge_collisionshape.h">
      <Filter>collision</Filter>
    </ClInclude>
    <ClInclude Include="Engine\ge_collisionshape_ps.h">
      <Filter>collision</Filter>
    </ClInclude>
    <ClInclude Include="Engine\ge_collisionshapebase_ps.h">
      <Filter>collision</Filter>
    </ClInclude>
    <ClInclude Include="Engine\ge_entityproxy.h">
      <Filter>entity\proxy</Filter>
    </ClInclude>
    <ClInclude Include="Engine\ge_entityproxyinternal.h">
      <Filter>entity\proxy</Filter>
    </ClInclude>
    <ClInclude Include="Engine\ge_templateentityproxy.h">
      <Filter>entity\proxy</Filter>
    </ClInclude>
    <ClInclude Include="Engine\ge_entity.h">
      <Filter>entity</Filter>
    </ClInclude>
    <ClInclude Include="Engine\ge_entitypropertyset.h">
      <Filter>entity</Filter>
    </ClInclude>
    <ClInclude Include="Engine\ge_propertysetproxy.h">
      <Filter>entity</Filter>
    </ClInclude>
    <ClInclude Include="Engine\ge_spatialentity.h">
      <Filter>entity</Filter>
    </ClInclude>
    <ClInclude Include="Engine\ge_templateentity.h">
      <Filter>entity</Filter>
    </ClInclude>
    <ClInclude Include="Engine\ge_font.h">
      <Filter>font</Filter>
    </ClInclude>
    <ClInclude Include="Engine\ge_fontadmin.h">
      <Filter>font</Filter>
    </ClInclude>
    <ClInclude Include="Engine\ge_gfxfont.h">
      <Filter>font</Filter>
    </ClInclude>
    <ClInclude Include="Engine\ge_systemfont.h">
      <Filter>font</Filter>
    </ClInclude>
    <ClInclude Include="Engine\ge_vertexfont.h">
      <Filter>font</Filter>
    </ClInclude>
    <ClInclude Include="Engine\ge_commandmanager.h">
      <Filter>io\console</Filter>
    </ClInclude>
    <ClInclude Include="Engine\ge_console.h">
      <Filter>io\console</Filter>
    </ClInclude>
    <ClInclude Include="Engine\ge_consolecommands.h">
      <Filter>io\console</Filter>
    </ClInclude>
    <ClInclude Include="Engine\ge_consoledata.h">
      <Filter>io\console</Filter>
    </ClInclude>
    <ClInclude Include="Engine\ge_consoledlg.h">
      <Filter>io\console</Filter>
    </ClInclude>
    <ClInclude Include="Engine\ge_archivefile.h">
      <Filter>io\file</Filter>
    </ClInclude>
    <ClInclude Include="Engine\ge_archivemanager.h">
      <Filter>io\file</Filter>
    </ClInclude>
    <ClInclude Include="Engine\ge_configfile.h">
      <Filter>io\file</Filter>
    </ClInclude>
    <ClInclude Include="Engine\ge_virtualfile.h">
      <Filter>io\file</Filter>
    </ClInclude>
    <ClInclude Include="Engine\ge_virtualfilefind.h">
      <Filter>io\file</Filter>
    </ClInclude>
    <ClInclude Include="Engine\ge_virtualfilesystem.h">
      <Filter>io\file</Filter>
    </ClInclude>
    <ClInclude Include="Engine\ge_dialog.h">
      <Filter>io</Filter>
    </ClInclude>
    <ClInclude Include="Engine\ge_inputdispatcher.h">
      <Filter>io</Filter>
    </ClInclude>
    <ClInclude Include="Engine\ge_inputreceiver.h">
      <Filter>io</Filter>
    </ClInclude>
    <ClInclude Include="Engine\ge_keyboard.h">
      <Filter>io</Filter>
    </ClInclude>
    <ClInclude Include="Engine\ge_messagehandler.h">
      <Filter>io</Filter>
    </ClInclude>
    <ClInclude Include="Engine\ge_objectinspectordlg.h">
      <Filter>io</Filter>
    </ClInclude>
    <ClInclude Include="Engine\ge_window.h">
      <Filter>io</Filter>
    </ClInclude>
    <ClInclude Include="Engine\ge_wnd.h">
      <Filter>io</Filter>
    </ClInclude>
    <ClInclude Include="Engine\ge_locadmin.h">
      <Filter>localization</Filter>
    </ClInclude>
    <ClInclude Include="Engine\ge_locstring.h">
      <Filter>localization</Filter>
    </ClInclude>
    <ClInclude Include="Engine\ge_loctable.h">
      <Filter>localization</Filter>
    </ClInclude>
    <ClInclude Include="Engine.h" />
    <ClInclude Include="Engine\EngineEnum.h" />
    <ClInclude Include="Engine\ge_application.h" />
    <ClInclude Include="Engine\ge_camerabase.h" />
    <ClInclude Include="Engine\ge_contextbase.h" />
    <ClInclude Include="Engine\ge_desktop.h" />
    <ClInclude Include="Engine\ge_dynamicentity.h" />
    <ClInclude Include="Engine\ge_elodmesh.h" />
    <ClInclude Include="Engine\ge_enginecomponentbase.h" />
    <ClInclude Include="Engine\ge_entityadmin.h" />
    <ClInclude Include="Engine\ge_entitydynamiccontext.h" />
    <ClInclude Include="Engine\ge_geometryspatialcontext.h" />
    <ClInclude Include="Engine\ge_guiadmin.h" />
    <ClInclude Include="Engine\ge_guimodule.h" />
    <ClInclude Include="Engine\ge_maincache.h" />
    <ClInclude Include="Engine\ge_moduleadmin.h" />
    <ClInclude Include="Engine\ge_node.h" />
    <ClInclude Include="Engine\ge_processibleelement.h" />
    <ClInclude Include="Engine\ge_rendersystemadmin.h" />
    <ClInclude Include="Engine\ge_resourceadmin.h" />
    <ClInclude Include="Engine\ge_resourcebase_ps.h" />
    <ClInclude Include="Engine\ge_resourcecollisionmesh_ps.h" />
    <ClInclude Include="Engine\ge_resourcedataentity.h" />
    <ClInclude Include="Engine\ge_sceneadmin.h" />
    <ClInclude Include="Engine\ge_scriptadminbase.h" />
    <ClInclude Include="Engine\ge_visualmeshbase_ps.h" />
    <ClInclude Include="Engine\ge_visualmeshdynamic_ps.h" />
    <ClInclude Include="Engine\ge_visualmeshstatic_ps.h" />
    <ClInclude Include="Engine\ge_guimanager.h" />
    <ClInclude Include="Engine\ge_physicsscene.h">
      <Filter>collision</Filter>
    </ClInclude>
    <ClInclude Include="Engine\ge_physicqueryreport.h">
      <Filter>collision</Filter>
    </ClInclude>
    <ClInclude Include="Engine\ge_rigidbody_ps.h" />
    <ClInclude Include="Engine\ge_rigidbodybase_ps.h" />
    <ClInclude Include="Engine\ge_unicodeconfigfile.h">
      <Filter>io\file</Filter>
    </ClInclude>
    <ClInclude Include="Engine\ge_unicodeconfigfile_keyobject.h">
      <Filter>io\file</Filter>
    </ClInclude>
    <ClInclude Include="Engine\ge_unicodeconfigfile_sectionobject.h">
      <Filter>io\file</Filter>
    </ClInclude>
    <ClInclude Include="Engine\ge_actionmapper.h" />
    <ClInclude Include="Engine\ge_illuminated_ps.h" />
    <ClInclude Include="Engine\ge_audiochannelgroup.h" />
    <ClInclude Include="Engine\ge_audiomodule.h" />
    <ClInclude Include="Engine\ge_audiochannel.h" />
    <ClInclude Include="Engine\ge_meshelement.h" />
    <ClInclude Include="Engine\ge_resourcemeshcomplex_ps.h" />
    <ClInclude Include="Engine\ge_apicubemap.h">
      <Filter>api</Filter>
    </ClInclude>
    <ClInclude Include="Engine\ge_apidevice.h">
      <Filter>api</Filter>
    </ClInclude>
    <ClInclude Include="Engine\ge_apieffect.h">
      <Filter>api</Filter>
    </ClInclude>
    <ClInclude Include="Engine\ge_apihlslshader.h">
      <Filter>api</Filter>
    </ClInclude>
    <ClInclude Include="Engine\ge_apiindexdata.h">
      <Filter>api</Filter>
    </ClInclude>
    <ClInclude Include="Engine\ge_apiinstance.h">
      <Filter>api</Filter>
    </ClInclude>
    <ClInclude Include="Engine\ge_apiprimitive.h">
      <Filter>api</Filter>
    </ClInclude>
    <ClInclude Include="Engine\ge_apisprite.h">
      <Filter>api</Filter>
    </ClInclude>
    <ClInclude Include="Engine\ge_apitexture.h">
      <Filter>api</Filter>
    </ClInclude>
    <ClInclude Include="Engine\ge_apivertexdata.h">
      <Filter>api</Filter>
    </ClInclude>
    <ClInclude Include="Engine\ge_apivolume.h">
      <Filter>api</Filter>
    </ClInclude>
    <ClInclude Include="Engine\ge_apifont.h">
      <Filter>api</Filter>
    </ClInclude>
    <ClInclude Include="Engine\ge_dx9cubemap.h">
      <Filter>api\dx9</Filter>
    </ClInclude>
    <ClInclude Include="Engine\ge_dx9device.h">
      <Filter>api\dx9</Filter>
    </ClInclude>
    <ClInclude Include="Engine\ge_dx9effect.h">
      <Filter>api\dx9</Filter>
    </ClInclude>
    <ClInclude Include="Engine\ge_dx9hlslshader.h">
      <Filter>api\dx9</Filter>
    </ClInclude>
    <ClInclude Include="Engine\ge_dx9indexdata.h">
      <Filter>api\dx9</Filter>
    </ClInclude>
    <ClInclude Include="Engine\ge_dx9instance.h">
      <Filter>api\dx9</Filter>
    </ClInclude>
    <ClInclude Include="Engine\ge_dx9primitive.h">
      <Filter>api\dx9</Filter>
    </ClInclude>
    <ClInclude Include="Engine\ge_dx9sprite.h">
      <Filter>api\dx9</Filter>
    </ClInclude>
    <ClInclude Include="Engine\ge_dx9texture.h">
      <Filter>api\dx9</Filter>
    </ClInclude>
    <ClInclude Include="Engine\ge_dx9vertexdata.h">
      <Filter>api\dx9</Filter>
    </ClInclude>
    <ClInclude Include="Engine\ge_dx9volume.h">
      <Filter>api\dx9</Filter>
    </ClInclude>
    <ClInclude Include="Engine\ge_dx9font.h">
      <Filter>api\dx9</Filter>
    </ClInclude>
    <ClInclude Include="Engine\ge_animation_baserenderactor.h">
      <Filter>animation</Filter>
    </ClInclude>
    <ClInclude Include="Engine\ge_animation_hardrenderactor.h">
      <Filter>animation</Filter>
    </ClInclude>
    <ClInclude Include="Engine\ge_animation_hardwareskinner.h">
      <Filter>animation</Filter>
    </ClInclude>
    <ClInclude Include="Engine\ge_animationadmin.h">
      <Filter>animation</Filter>
    </ClInclude>
    <ClInclude Include="Engine\ge_resourceanimationactor_ps.h">
      <Filter>animation</Filter>
    </ClInclude>
    <ClInclude Include="Engine\ge_visualanimationlod.h">
      <Filter>animation</Filter>
    </ClInclude>
    <ClInclude Include="Engine\ge_wrapper_emfx2actor.h">
      <Filter>animation</Filter>
    </ClInclude>
    <ClInclude Include="Engine\ge_visualanimationfactory.h">
      <Filter>animation</Filter>
    </ClInclude>
    <ClInclude Include="Engine\ge_rendercontext.h">
      <Filter>animation</Filter>
    </ClInclude>
    <ClInclude Include="Engine\ge_rendercontextanimation.h">
      <Filter>animation</Filter>
    </ClInclude>
    <ClInclude Include="Engine\ge_visualanimation_ps.h">
      <Filter>animation</Filter>
    </ClInclude>
    <ClInclude Include="Engine\ge_buttonctrl.h" />
    <ClInclude Include="Engine\ge_menuitem.h" />
    <ClInclude Include="Engine\ge_threadpool.h" />
    <ClInclude Include="Engine\ge_gfxindexdata.h" />
    <ClInclude Include="Engine\ge_gfxvertexdata.h" />
    <ClInclude Include="Engine\ge_lightmap.h" />
    <ClInclude Include="Engine\ge_lightmapbatcher.h" />
    <ClInclude Include="Engine\ge_editctrl.h" />
    <ClInclude Include="Engine\ge_clipboardclient.h" />
    <ClInclude Include="Engine\ge_gfxadmin.h" />
    <ClInclude Include="Engine\ge_gfxmixeradmin.h" />
    <ClInclude Include="Engine\ge_gfxshared.h" />
    <ClInclude Include="Engine\ge_guirenderer.h" />
    <ClInclude Include="Engine\ge_guisubadmin.h" />
  </ItemGroup>
  <ItemGroup>
    <ClCompile Include="Engine.cpp" />
    <ClCompile Include="Engine\ge_dx9instance.cpp">
      <Filter>api\dx9</Filter>
    </ClCompile>
  </ItemGroup>
</Project>