<?xml version="1.0" encoding="utf-8"?>
<Project ToolsVersion="4.0" xmlns="http://schemas.microsoft.com/developer/msbuild/2003">
  <ItemGroup>
    <Filter Include="dummycollector">
      <UniqueIdentifier>{865278b0-0400-4324-8347-8ab9a34ebd3f}</UniqueIdentifier>
    </Filter>
    <Filter Include="inventory">
      <UniqueIdentifier>{b3c05524-359d-445a-9256-7df1199423ea}</UniqueIdentifier>
    </Filter>
    <Filter Include="script">
      <UniqueIdentifier>{622164be-e077-4fc0-999f-9be6fadd5b03}</UniqueIdentifier>
    </Filter>
    <Filter Include="world">
      <UniqueIdentifier>{0fda50bf-dc07-4c26-be1d-9dac45ed2a0a}</UniqueIdentifier>
    </Filter>
  </ItemGroup>
  <ItemGroup>
    <ClInclude Include="Game\ge_dummycollectoradmin.h">
      <Filter>dummycollector</Filter>
    </ClInclude>
    <ClInclude Include="Game\ge_dummycollectoranchor.h">
      <Filter>dummycollector</Filter>
    </ClInclude>
    <ClInclude Include="Game\ge_dummycollectorbase.h">
      <Filter>dummycollector</Filter>
    </ClInclude>
    <ClInclude Include="Game\ge_dummycollectorcollisioncircle.h">
      <Filter>dummycollector</Filter>
    </ClInclude>
    <ClInclude Include="Game\ge_dummycollectorcollisionshape.h">
      <Filter>dummycollector</Filter>
    </ClInclude>
    <ClInclude Include="Game\ge_dummycollectordynamiccollisioncircle.h">
      <Filter>dummycollector</Filter>
    </ClInclude>
    <ClInclude Include="Game\ge_dummycollectorenclave.h">
      <Filter>dummycollector</Filter>
    </ClInclude>
    <ClInclude Include="Game\ge_dummycollectorentity.h">
      <Filter>dummycollector</Filter>
    </ClInclude>
    <ClInclude Include="Game\ge_dummycollectorfreepoint.h">
      <Filter>dummycollector</Filter>
    </ClInclude>
    <ClInclude Include="Game\ge_dummycollectorlinkcontainer.h">
      <Filter>dummycollector</Filter>
    </ClInclude>
    <ClInclude Include="Game\ge_dummycollectornavoffset.h">
      <Filter>dummycollector</Filter>
    </ClInclude>
    <ClInclude Include="Game\ge_dummycollectornavpath.h">
      <Filter>dummycollector</Filter>
    </ClInclude>
    <ClInclude Include="Game\ge_dummycollectornavzone.h">
      <Filter>dummycollector</Filter>
    </ClInclude>
    <ClInclude Include="Game\ge_dummycollectornegzone.h">
      <Filter>dummycollector</Filter>
    </ClInclude>
    <ClInclude Include="Game\ge_dummycollectorparticle.h">
      <Filter>dummycollector</Filter>
    </ClInclude>
    <ClInclude Include="Game\ge_dummycollectorprefpath.h">
      <Filter>dummycollector</Filter>
    </ClInclude>
    <ClInclude Include="Game\ge_dummycollectorpset_base.h">
      <Filter>dummycollector</Filter>
    </ClInclude>
    <ClInclude Include="Game\ge_dummycollectortreasureset.h">
      <Filter>dummycollector</Filter>
    </ClInclude>
    <ClInclude Include="Game\ge_inventory_ps.h">
      <Filter>inventory</Filter>
    </ClInclude>
    <ClInclude Include="Game\ge_inventorylistener.h">
      <Filter>inventory</Filter>
    </ClInclude>
    <ClInclude Include="Game\ge_inventoryslot.h">
      <Filter>inventory</Filter>
    </ClInclude>
    <ClInclude Include="Game\ge_inventorystack.h">
      <Filter>inventory</Filter>
    </ClInclude>
    <ClInclude Include="Game\ge_scriptadmin.h">
      <Filter>script</Filter>
    </ClInclude>
    <ClInclude Include="Game\ge_scriptadminext.h">
      <Filter>script</Filter>
    </ClInclude>
    <ClInclude Include="Game\ge_scriptinit.h">
      <Filter>script</Filter>
    </ClInclude>
    <ClInclude Include="Game\ge_scriptprocessingunit.h">
      <Filter>script</Filter>
    </ClInclude>
    <ClInclude Include="Game\ge_scriptroutine_ps.h">
      <Filter>script</Filter>
    </ClInclude>
    <ClInclude Include="Game\ge_dynamiclayer.h">
      <Filter>world</Filter>
    </ClInclude>
    <ClInclude Include="Game\ge_geometrylayer.h">
      <Filter>world</Filter>
    </ClInclude>
    <ClInclude Include="Game\ge_layerbase.h">
      <Filter>world</Filter>
    </ClInclude>
    <ClInclude Include="Game\ge_sector.h">
      <Filter>world</Filter>
    </ClInclude>
    <ClInclude Include="Game\ge_templatelayer.h">
      <Filter>world</Filter>
    </ClInclude>
    <ClInclude Include="Game\ge_world.h">
      <Filter>world</Filter>
    </ClInclude>
    <ClInclude Include="Game.h" />
    <ClInclude Include="Game\GameEnum.h" />
    <ClInclude Include="Game\ge_armorset_ps.h" />
    <ClInclude Include="Game\ge_attribute.h" />
    <ClInclude Include="Game\ge_cameraai_ps.h" />
    <ClInclude Include="Game\ge_charactercontrol_ps.h" />
    <ClInclude Include="Game\ge_charactermovement_ps.h" />
    <ClInclude Include="Game\ge_charactersensor_ps.h" />
    <ClInclude Include="Game\ge_clock_ps.h" />
    <ClInclude Include="Game\ge_dummyvisualbase_ps.h" />
    <ClInclude Include="Game\ge_enclave_ps.h" />
    <ClInclude Include="Game\ge_enclaveadmin.h" />
    <ClInclude Include="Game\ge_entity.h" />
    <ClInclude Include="Game\ge_entitydummyvisual_ps.h" />
    <ClInclude Include="Game\ge_focus_ps.h" />
    <ClInclude Include="Game\ge_guimanager.h" />
    <ClInclude Include="Game\ge_info_ps.h" />
    <ClInclude Include="Game\ge_infomanager_ps.h" />
    <ClInclude Include="Game\ge_infoscript_ps.h" />
    <ClInclude Include="Game\ge_infoscriptline_ps.h" />
    <ClInclude Include="Game\ge_interaction_ps.h" />
    <ClInclude Include="Game\ge_item_ps.h" />
    <ClInclude Include="Game\ge_magic_ps.h" />
    <ClInclude Include="Game\ge_movementbase_ps.h" />
    <ClInclude Include="Game\ge_navigation_ps.h" />
    <ClInclude Include="Game\ge_navigationadmin.h" />
    <ClInclude Include="Game\ge_navigationmap.h" />
    <ClInclude Include="Game\ge_navzone_ps.h" />
    <ClInclude Include="Game\ge_negzone_psobj.h" />
    <ClInclude Include="Game\ge_npc_ps.h" />
    <ClInclude Include="Game\ge_playermemory_ps.h" />
    <ClInclude Include="Game\ge_propertydummyvisual_ps.h" />
    <ClInclude Include="Game\ge_quest_ps.h" />
    <ClInclude Include="Game\ge_questmanager_ps.h" />
    <ClInclude Include="Game\ge_recipe_ps.h" />
    <ClInclude Include="Game\ge_session.h" />
    <ClInclude Include="Game\ge_sessioncheats.h" />
    <ClInclude Include="Game\ge_sessioninfo.h" />
    <ClInclude Include="Game\ge_skill_ps.h" />
    <ClInclude Include="Game\ge_stat.h" />
    <ClInclude Include="Game\ge_treasureset_ps.h" />
    <ClInclude Include="Game\ge_navpath_ps.h" />
    <ClInclude Include="Game\ge_huddialog.h" />
    <ClInclude Include="Game\ge_hudmenu.h" />
    <ClInclude Include="Game\ge_hudpage.h" />
    <ClInclude Include="Game\ge_party_ps.h" />
    <ClInclude Include="Game\ge_lock_ps.h" />
  </ItemGroup>
  <ItemGroup>
    <ClCompile Include="Game\ge_scriptadmin.cpp">
      <Filter>script</Filter>
    </ClCompile>
    <ClCompile Include="Game\ge_scriptadminext.cpp">
      <Filter>script</Filter>
    </ClCompile>
    <ClCompile Include="Game\ge_scriptinit.cpp">
      <Filter>script</Filter>
    </ClCompile>
  </ItemGroup>
</Project>