Microsoft Visual Studio Solution File, Format Version 12.00
# Visual Studio 2013
VisualStudioVersion = 12.0.31101.0
MinimumVisualStudioVersion = 10.0.40219.1
Project("{8BC9CEB8-8B4A-11D0-8D11-00A0C91BC942}") = "Script", "Script.vcxproj", "{DF45B4AC-7FD2-4C19-9E70-6EE4DC96B604}"
EndProject
Project("{8BC9CEB8-8B4A-11D0-8D11-00A0C91BC942}") = "Engine", "Engine.vcxproj", "{F385328B-69B2-4E58-B520-9562EFD53AD8}"
EndProject
Project("{8BC9CEB8-8B4A-11D0-8D11-00A0C91BC942}") = "Game", "Game.vcxproj", "{F74F8EFB-8610-40F4-BFEC-03FB5D4190D7}"
EndProject
Project("{8BC9CEB8-8B4A-11D0-8D11-00A0C91BC942}") = "GFC", "GFC.vcxproj", "{84E2573C-0D33-417F-A740-B42636728ABC}"
EndProject
Project("{8BC9CEB8-8B4A-11D0-8D11-00A0C91BC942}") = "SharedBase", "SharedBase.vcxproj", "{7823C28A-70F8-484E-A6DC-CCEFEBC34C03}"
EndProject
Global
	GlobalSection(SolutionConfigurationPlatforms) = preSolution
		Debug|Win32 = Debug|Win32
		Release|Win32 = Release|Win32
	EndGlobalSection
	GlobalSection(ProjectConfigurationPlatforms) = postSolution
		{DF45B4AC-7FD2-4C19-9E70-6EE4DC96B604}.Debug|Win32.ActiveCfg = Debug|Win32
		{DF45B4AC-7FD2-4C19-9E70-6EE4DC96B604}.Debug|Win32.Build.0 = Debug|Win32
		{DF45B4AC-7FD2-4C19-9E70-6EE4DC96B604}.Release|Win32.ActiveCfg = Release|Win32
		{DF45B4AC-7FD2-4C19-9E70-6EE4DC96B604}.Release|Win32.Build.0 = Release|Win32
		{F385328B-69B2-4E58-B520-9562EFD53AD8}.Debug|Win32.ActiveCfg = Debug|Win32
		{F385328B-69B2-4E58-B520-9562EFD53AD8}.Debug|Win32.Build.0 = Debug|Win32
		{F385328B-69B2-4E58-B520-9562EFD53AD8}.Release|Win32.ActiveCfg = Release|Win32
		{F385328B-69B2-4E58-B520-9562EFD53AD8}.Release|Win32.Build.0 = Release|Win32
		{F74F8EFB-8610-40F4-BFEC-03FB5D4190D7}.Debug|Win32.ActiveCfg = Debug|Win32
		{F74F8EFB-8610-40F4-BFEC-03FB5D4190D7}.Debug|Win32.Build.0 = Debug|Win32
		{F74F8EFB-8610-40F4-BFEC-03FB5D4190D7}.Release|Win32.ActiveCfg = Release|Win32
		{F74F8EFB-8610-40F4-BFEC-03FB5D4190D7}.Release|Win32.Build.0 = Release|Win32
		{84E2573C-0D33-417F-A740-B42636728ABC}.Debug|Win32.ActiveCfg = Debug|Win32
		{84E2573C-0D33-417F-A740-B42636728ABC}.Debug|Win32.Build.0 = Debug|Win32
		{84E2573C-0D33-417F-A740-B42636728ABC}.Release|Win32.ActiveCfg = Release|Win32
		{84E2573C-0D33-417F-A740-B42636728ABC}.Release|Win32.Build.0 = Release|Win32
		{7823C28A-70F8-484E-A6DC-CCEFEBC34C03}.Debug|Win32.ActiveCfg = Debug|Win32
		{7823C28A-70F8-484E-A6DC-CCEFEBC34C03}.Debug|Win32.Build.0 = Debug|Win32
		{7823C28A-70F8-484E-A6DC-CCEFEBC34C03}.Release|Win32.ActiveCfg = Release|Win32
		{7823C28A-70F8-484E-A6DC-CCEFEBC34C03}.Release|Win32.Build.0 = Release|Win32
	EndGlobalSection
	GlobalSection(SolutionProperties) = preSolution
		HideSolutionNode = FALSE
	EndGlobalSection
EndGlobal
