<?xml version="1.0" encoding="utf-8"?>
<Project ToolsVersion="4.0" xmlns="http://schemas.microsoft.com/developer/msbuild/2003">
  <ItemGroup>
    <Filter Include="effect">
      <UniqueIdentifier>{1c223ef5-a378-4559-97c1-aee8dfff5d90}</UniqueIdentifier>
    </Filter>
    <Filter Include="propertyset">
      <UniqueIdentifier>{64235b85-4f69-4a30-b123-7fab25b1526d}</UniqueIdentifier>
    </Filter>
  </ItemGroup>
  <ItemGroup>
    <ClInclude Include="Script\gs_effect.h">
      <Filter>effect</Filter>
    </ClInclude>
    <ClInclude Include="Script\gs_effectsystem.h">
      <Filter>effect</Filter>
    </ClInclude>
    <ClInclude Include="Script\gs_propertymacros.h">
      <Filter>propertyset</Filter>
    </ClInclude>
    <ClInclude Include="Script\gs_psaizone.h">
      <Filter>propertyset</Filter>
    </ClInclude>
    <ClInclude Include="Script\gs_psanchor.h">
      <Filter>propertyset</Filter>
    </ClInclude>
    <ClInclude Include="Script\gs_psanimation.h">
      <Filter>propertyset</Filter>
    </ClInclude>
    <ClInclude Include="Script\gs_psarena.h">
      <Filter>propertyset</Filter>
    </ClInclude>
    <ClInclude Include="Script\gs_psbook.h">
      <Filter>propertyset</Filter>
    </ClInclude>
    <ClInclude Include="Script\gs_pscamera.h">
      <Filter>propertyset</Filter>
    </ClInclude>
    <ClInclude Include="Script\gs_pscharactercontrol.h">
      <Filter>propertyset</Filter>
    </ClInclude>
    <ClInclude Include="Script\gs_pscharactermovement.h">
      <Filter>propertyset</Filter>
    </ClInclude>
    <ClInclude Include="Script\gs_psclock.h">
      <Filter>propertyset</Filter>
    </ClInclude>
    <ClInclude Include="Script\gs_pscollisionshape.h">
      <Filter>propertyset</Filter>
    </ClInclude>
    <ClInclude Include="Script\gs_psdamage.h">
      <Filter>propertyset</Filter>
    </ClInclude>
    <ClInclude Include="Script\gs_psdamagereceiver.h">
      <Filter>propertyset</Filter>
    </ClInclude>
    <ClInclude Include="Script\gs_psdialog.h">
      <Filter>propertyset</Filter>
    </ClInclude>
    <ClInclude Include="Script\gs_psdoor.h">
      <Filter>propertyset</Filter>
    </ClInclude>
    <ClInclude Include="Script\gs_pseffect.h">
      <Filter>propertyset</Filter>
    </ClInclude>
    <ClInclude Include="Script\gs_psenclave.h">
      <Filter>propertyset</Filter>
    </ClInclude>
    <ClInclude Include="Script\gs_psfocus.h">
      <Filter>propertyset</Filter>
    </ClInclude>
    <ClInclude Include="Script\gs_psinfomanager.h">
      <Filter>propertyset</Filter>
    </ClInclude>
    <ClInclude Include="Script\gs_psinfoscriptcommand.h">
      <Filter>propertyset</Filter>
    </ClInclude>
    <ClInclude Include="Script\gs_psinteraction.h">
      <Filter>propertyset</Filter>
    </ClInclude>
    <ClInclude Include="Script\gs_psinventory.h">
      <Filter>propertyset</Filter>
    </ClInclude>
    <ClInclude Include="Script\gs_psitem.h">
      <Filter>propertyset</Filter>
    </ClInclude>
    <ClInclude Include="Script\gs_psitemwrapper.h">
      <Filter>propertyset</Filter>
    </ClInclude>
    <ClInclude Include="Script\gs_psletter.h">
      <Filter>propertyset</Filter>
    </ClInclude>
    <ClInclude Include="Script\gs_pslock.h">
      <Filter>propertyset</Filter>
    </ClInclude>
    <ClInclude Include="Script\gs_psmagic.h">
      <Filter>propertyset</Filter>
    </ClInclude>
    <ClInclude Include="Script\gs_psmap.h">
      <Filter>propertyset</Filter>
    </ClInclude>
    <ClInclude Include="Script\gs_psmover.h">
      <Filter>propertyset</Filter>
    </ClInclude>
    <ClInclude Include="Script\gs_psnavigation.h">
      <Filter>propertyset</Filter>
    </ClInclude>
    <ClInclude Include="Script\gs_psnpc.h">
      <Filter>propertyset</Filter>
    </ClInclude>
    <ClInclude Include="Script\gs_psparticle.h">
      <Filter>propertyset</Filter>
    </ClInclude>
    <ClInclude Include="Script\gs_psparty.h">
      <Filter>propertyset</Filter>
    </ClInclude>
    <ClInclude Include="Script\gs_psplayermemory.h">
      <Filter>propertyset</Filter>
    </ClInclude>
    <ClInclude Include="Script\gs_psprojectile.h">
      <Filter>propertyset</Filter>
    </ClInclude>
    <ClInclude Include="Script\gs_psquestmanager.h">
      <Filter>propertyset</Filter>
    </ClInclude>
    <ClInclude Include="Script\gs_psrecipe.h">
      <Filter>propertyset</Filter>
    </ClInclude>
    <ClInclude Include="Script\gs_psrigidbody.h">
      <Filter>propertyset</Filter>
    </ClInclude>
    <ClInclude Include="Script\gs_psroutine.h">
      <Filter>propertyset</Filter>
    </ClInclude>
    <ClInclude Include="Script\gs_psskill.h">
      <Filter>propertyset</Filter>
    </ClInclude>
    <ClInclude Include="Script\gs_psstatistics.h">
      <Filter>propertyset</Filter>
    </ClInclude>
    <ClInclude Include="Script\gs_psstrip.h">
      <Filter>propertyset</Filter>
    </ClInclude>
    <ClInclude Include="Script\gs_pstouchdamage.h">
      <Filter>propertyset</Filter>
    </ClInclude>
    <ClInclude Include="Script\gs_pstreasureset.h">
      <Filter>propertyset</Filter>
    </ClInclude>
    <ClInclude Include="Script\gs_pstrigger.h">
      <Filter>propertyset</Filter>
    </ClInclude>
    <ClInclude Include="Script.h" />
    <ClInclude Include="Script\ScriptEnum.h" />
    <ClInclude Include="Script\gs_entity.h" />
    <ClInclude Include="Script\gs_gui.h" />
    <ClInclude Include="Script\gs_gui2.h" />
    <ClInclude Include="Script\gs_info.h" />
    <ClInclude Include="Script\gs_music.h" />
    <ClInclude Include="Script\gs_scriptargs.h" />
    <ClInclude Include="Script\gs_scriptmacros.h" />
    <ClInclude Include="Script\gs_template.h" />
    <ClInclude Include="Script\gs_world.h" />
  </ItemGroup>
  <ItemGroup>
    <None Include="Script\gs_propertymacros.inl">
      <Filter>propertyset</Filter>
    </None>
  </ItemGroup>
  <ItemGroup>
    <ClCompile Include="Script\gs_psitemwrapper.cpp">
      <Filter>propertyset</Filter>
    </ClCompile>
    <ClCompile Include="Script\gs_scriptargs.cpp" />
  </ItemGroup>
</Project>