<?xml version="1.0" encoding="utf-8"?>
<Project ToolsVersion="4.0" xmlns="http://schemas.microsoft.com/developer/msbuild/2003">
  <ItemGroup>
    <Filter Include="animation">
      <UniqueIdentifier>{8a858f0b-a48a-4e27-a7d5-0edb9fe48fa6}</UniqueIdentifier>
    </Filter>
    <Filter Include="color">
      <UniqueIdentifier>{8490e89d-befc-4757-bf71-0baa224a2de1}</UniqueIdentifier>
    </Filter>
    <Filter Include="container">
      <UniqueIdentifier>{fb575f41-8d5c-4123-ad21-6c7f6a737d8b}</UniqueIdentifier>
    </Filter>
    <Filter Include="container\array">
      <UniqueIdentifier>{00ceff99-ad5f-46c6-87c8-0b9264964361}</UniqueIdentifier>
    </Filter>
    <Filter Include="container\map">
      <UniqueIdentifier>{1e1572a3-aba9-4e9e-afbb-30e6d02cf57a}</UniqueIdentifier>
    </Filter>
    <Filter Include="container\stack">
      <UniqueIdentifier>{45d84636-599b-4182-b0de-65a587c964ae}</UniqueIdentifier>
    </Filter>
    <Filter Include="io">
      <UniqueIdentifier>{ecd1caaa-95e8-48b9-982a-1b4ca8eb1746}</UniqueIdentifier>
    </Filter>
    <Filter Include="io\streams">
      <UniqueIdentifier>{ef24b884-f1e1-4e3b-bfbc-a0e1d1da1cb7}</UniqueIdentifier>
    </Filter>
    <Filter Include="kernel">
      <UniqueIdentifier>{97241bb8-0b79-472b-b0dc-fd258a8e7bf2}</UniqueIdentifier>
    </Filter>
    <Filter Include="kernel\error">
      <UniqueIdentifier>{fd02e43c-45e9-4bba-b9aa-37ac3d8a6e6d}</UniqueIdentifier>
    </Filter>
    <Filter Include="kernel\event">
      <UniqueIdentifier>{de40746b-d3a8-4e77-aca3-cf3e461fb22b}</UniqueIdentifier>
    </Filter>
    <Filter Include="kernel\layout">
      <UniqueIdentifier>{b258fbda-efe8-47b2-a170-6918d8df9b46}</UniqueIdentifier>
    </Filter>
    <Filter Include="kernel\memory">
      <UniqueIdentifier>{2b334f67-c3dd-43d8-9ae7-4617b0c28b22}</UniqueIdentifier>
    </Filter>
    <Filter Include="kernel\message">
      <UniqueIdentifier>{732cc026-2c14-4383-ab83-f27c5a61afff}</UniqueIdentifier>
    </Filter>
    <Filter Include="kernel\object">
      <UniqueIdentifier>{a4b19ab7-1654-4f2a-82be-4b13051749db}</UniqueIdentifier>
    </Filter>
    <Filter Include="kernel\system">
      <UniqueIdentifier>{1eadea2f-f7af-44be-b9a7-b29e2d0bf7e7}</UniqueIdentifier>
    </Filter>
    <Filter Include="kernel\thread">
      <UniqueIdentifier>{96a1e835-95e3-456a-b105-20d25f6a1587}</UniqueIdentifier>
    </Filter>
    <Filter Include="math">
      <UniqueIdentifier>{3ff4520e-fad9-449f-86ac-a903802fcce9}</UniqueIdentifier>
    </Filter>
    <Filter Include="math\2d">
      <UniqueIdentifier>{d7fd73b0-5ed0-43d2-9d2c-28bd276b8f41}</UniqueIdentifier>
    </Filter>
    <Filter Include="math\3d">
      <UniqueIdentifier>{bc0fbbe3-4b89-4832-a2ec-68f912916f74}</UniqueIdentifier>
    </Filter>
    <Filter Include="math\3d\geometry">
      <UniqueIdentifier>{fd1ddd0c-61d6-49bb-847f-5f254239899c}</UniqueIdentifier>
    </Filter>
    <Filter Include="math\noise">
      <UniqueIdentifier>{9baa3ffd-5fbf-441c-a290-fc744ff2e18d}</UniqueIdentifier>
    </Filter>
    <Filter Include="math\range">
      <UniqueIdentifier>{9105f476-96ea-4122-8ec8-9ff94655dc73}</UniqueIdentifier>
    </Filter>
    <Filter Include="propertysystem">
      <UniqueIdentifier>{f3f3537a-ea84-49b2-98e6-c947b7168c16}</UniqueIdentifier>
    </Filter>
    <Filter Include="propertysystem\base">
      <UniqueIdentifier>{b0bb08f8-1069-494d-b159-e59cd8d02358}</UniqueIdentifier>
    </Filter>
    <Filter Include="propertysystem\objects">
      <UniqueIdentifier>{32948961-a2c2-45e9-b216-f348b5e4e3f6}</UniqueIdentifier>
    </Filter>
    <Filter Include="types">
      <UniqueIdentifier>{d83eb7b9-f7b7-4cf2-ad11-c706be574034}</UniqueIdentifier>
    </Filter>
    <Filter Include="propertysystem\types">
      <UniqueIdentifier>{1130e569-1e12-43bd-8c0b-a5d67aece2bc}</UniqueIdentifier>
    </Filter>
    <Filter Include="propertysystem\enum">
      <UniqueIdentifier>{65c35c4e-1e4b-41b6-828b-be0a94c2fb9e}</UniqueIdentifier>
    </Filter>
    <Filter Include="container\set">
      <UniqueIdentifier>{37704ea1-dcc3-4c17-ad47-bfe85f56a379}</UniqueIdentifier>
    </Filter>
  </ItemGroup>
  <ItemGroup>
    <ClInclude Include="SharedBase\ge_interpolatorbase.h">
      <Filter>animation</Filter>
    </ClInclude>
    <ClInclude Include="SharedBase\ge_motionkeyframerdata.h">
      <Filter>animation</Filter>
    </ClInclude>
    <ClInclude Include="SharedBase\ge_bytealphacolor.h">
      <Filter>color</Filter>
    </ClInclude>
    <ClInclude Include="SharedBase\ge_bytecolor.h">
      <Filter>color</Filter>
    </ClInclude>
    <ClInclude Include="SharedBase\ge_colorbase.h">
      <Filter>color</Filter>
    </ClInclude>
    <ClInclude Include="SharedBase\ge_floatalphacolor.h">
      <Filter>color</Filter>
    </ClInclude>
    <ClInclude Include="SharedBase\ge_floatcolor.h">
      <Filter>color</Filter>
    </ClInclude>
    <ClInclude Include="SharedBase\ge_floatcolorhsv.h">
      <Filter>color</Filter>
    </ClInclude>
    <ClInclude Include="SharedBase\ge_arraybase.h">
      <Filter>container\array</Filter>
    </ClInclude>
    <ClInclude Include="SharedBase\ge_autoptrarray.h">
      <Filter>container\array</Filter>
    </ClInclude>
    <ClInclude Include="SharedBase\ge_objarray.h">
      <Filter>container\array</Filter>
    </ClInclude>
    <ClInclude Include="SharedBase\ge_objarraysort.h">
      <Filter>container\array</Filter>
    </ClInclude>
    <ClInclude Include="SharedBase\ge_ptrarray.h">
      <Filter>container\array</Filter>
    </ClInclude>
    <ClInclude Include="SharedBase\ge_ptrarraysort.h">
      <Filter>container\array</Filter>
    </ClInclude>
    <ClInclude Include="SharedBase\ge_smallarray.h">
      <Filter>container\array</Filter>
    </ClInclude>
    <ClInclude Include="SharedBase\ge_valarray.h">
      <Filter>container\array</Filter>
    </ClInclude>
    <ClInclude Include="SharedBase\ge_mapbase.h">
      <Filter>container\map</Filter>
    </ClInclude>
    <ClInclude Include="SharedBase\ge_objmap.h">
      <Filter>container\map</Filter>
    </ClInclude>
    <ClInclude Include="SharedBase\ge_ptrmap.h">
      <Filter>container\map</Filter>
    </ClInclude>
    <ClInclude Include="SharedBase\ge_stringmap.h">
      <Filter>container\map</Filter>
    </ClInclude>
    <ClInclude Include="SharedBase\ge_valmap.h">
      <Filter>container\map</Filter>
    </ClInclude>
    <ClInclude Include="SharedBase\ge_objstack.h">
      <Filter>container\stack</Filter>
    </ClInclude>
    <ClInclude Include="SharedBase\ge_bitfield.h">
      <Filter>container</Filter>
    </ClInclude>
    <ClInclude Include="SharedBase\ge_trackbitfield.h">
      <Filter>container</Filter>
    </ClInclude>
    <ClInclude Include="SharedBase\ge_iostream.h">
      <Filter>io\streams</Filter>
    </ClInclude>
    <ClInclude Include="SharedBase\ge_istream.h">
      <Filter>io\streams</Filter>
    </ClInclude>
    <ClInclude Include="SharedBase\ge_memorystream.h">
      <Filter>io\streams</Filter>
    </ClInclude>
    <ClInclude Include="SharedBase\ge_nullstream.h">
      <Filter>io\streams</Filter>
    </ClInclude>
    <ClInclude Include="SharedBase\ge_ostream.h">
      <Filter>io\streams</Filter>
    </ClInclude>
    <ClInclude Include="SharedBase\ge_postream.h">
      <Filter>io\streams</Filter>
    </ClInclude>
    <ClInclude Include="SharedBase\ge_commandline.h">
      <Filter>io</Filter>
    </ClInclude>
    <ClInclude Include="SharedBase\ge_file.h">
      <Filter>io</Filter>
    </ClInclude>
    <ClInclude Include="SharedBase\ge_filesystem.h">
      <Filter>io</Filter>
    </ClInclude>
    <ClInclude Include="SharedBase\ge_erroradmin.h">
      <Filter>kernel\error</Filter>
    </ClInclude>
    <ClInclude Include="SharedBase\ge_gothic3enginedialogs.h">
      <Filter>kernel\error</Filter>
    </ClInclude>
    <ClInclude Include="SharedBase\ge_event.h">
      <Filter>kernel\event</Filter>
    </ClInclude>
    <ClInclude Include="SharedBase\ge_eventwin32.h">
      <Filter>kernel\event</Filter>
    </ClInclude>
    <ClInclude Include="SharedBase\ge_classlayout.h">
      <Filter>kernel\layout</Filter>
    </ClInclude>
    <ClInclude Include="SharedBase\ge_setlayout.h">
      <Filter>kernel\layout</Filter>
    </ClInclude>
    <ClInclude Include="SharedBase\ge_memheap.h">
      <Filter>kernel\memory</Filter>
    </ClInclude>
    <ClInclude Include="SharedBase\ge_memoryadmin.h">
      <Filter>kernel\memory</Filter>
    </ClInclude>
    <ClInclude Include="SharedBase\ge_validatememory.h">
      <Filter>kernel\memory</Filter>
    </ClInclude>
    <ClInclude Include="SharedBase\ge_messageadmin.h">
      <Filter>kernel\message</Filter>
    </ClInclude>
    <ClInclude Include="SharedBase\ge_classnamebase.h">
      <Filter>kernel\object</Filter>
    </ClInclude>
    <ClInclude Include="SharedBase\ge_objectbase.h">
      <Filter>kernel\object</Filter>
    </ClInclude>
    <ClInclude Include="SharedBase\ge_objectrefbase.h">
      <Filter>kernel\object</Filter>
    </ClInclude>
    <ClInclude Include="SharedBase\ge_obsoleteclass.h">
      <Filter>kernel\object</Filter>
    </ClInclude>
    <ClInclude Include="SharedBase\ge_clock.h">
      <Filter>kernel\system</Filter>
    </ClInclude>
    <ClInclude Include="SharedBase\ge_datetime.h">
      <Filter>kernel\system</Filter>
    </ClInclude>
    <ClInclude Include="SharedBase\ge_fpuadmin.h">
      <Filter>kernel\system</Filter>
    </ClInclude>
    <ClInclude Include="SharedBase\ge_timer.h">
      <Filter>kernel\system</Filter>
    </ClInclude>
    <ClInclude Include="SharedBase\ge_criticalsectionwin32.h">
      <Filter>kernel\thread</Filter>
    </ClInclude>
    <ClInclude Include="SharedBase\ge_multireadexclusivewritewin32.h">
      <Filter>kernel\thread</Filter>
    </ClInclude>
    <ClInclude Include="SharedBase\ge_spieadmin.h">
      <Filter>kernel\thread</Filter>
    </ClInclude>
    <ClInclude Include="SharedBase\ge_spyadmin.h">
      <Filter>kernel\thread</Filter>
    </ClInclude>
    <ClInclude Include="SharedBase\ge_threadobjectrefbase.h">
      <Filter>kernel\thread</Filter>
    </ClInclude>
    <ClInclude Include="SharedBase\ge_threadwin32.h">
      <Filter>kernel\thread</Filter>
    </ClInclude>
    <ClInclude Include="SharedBase\ge_threadwin32ex.h">
      <Filter>kernel\thread</Filter>
    </ClInclude>
    <ClInclude Include="SharedBase\ge_matrix2.h">
      <Filter>math\2d</Filter>
    </ClInclude>
    <ClInclude Include="SharedBase\ge_point.h">
      <Filter>math\2d</Filter>
    </ClInclude>
    <ClInclude Include="SharedBase\ge_rect.h">
      <Filter>math\2d</Filter>
    </ClInclude>
    <ClInclude Include="SharedBase\ge_vector2.h">
      <Filter>math\2d</Filter>
    </ClInclude>
    <ClInclude Include="SharedBase\ge_zoneraster.h">
      <Filter>math\2d</Filter>
    </ClInclude>
    <ClInclude Include="SharedBase\ge_box.h">
      <Filter>math\3d\geometry</Filter>
    </ClInclude>
    <ClInclude Include="SharedBase\ge_capsule.h">
      <Filter>math\3d\geometry</Filter>
    </ClInclude>
    <ClInclude Include="SharedBase\ge_frustum.h">
      <Filter>math\3d\geometry</Filter>
    </ClInclude>
    <ClInclude Include="SharedBase\ge_infcylinder.h">
      <Filter>math\3d\geometry</Filter>
    </ClInclude>
    <ClInclude Include="SharedBase\ge_infdoublecylinder.h">
      <Filter>math\3d\geometry</Filter>
    </ClInclude>
    <ClInclude Include="SharedBase\ge_line.h">
      <Filter>math\3d\geometry</Filter>
    </ClInclude>
    <ClInclude Include="SharedBase\ge_orientedbox.h">
      <Filter>math\3d\geometry</Filter>
    </ClInclude>
    <ClInclude Include="SharedBase\ge_plane.h">
      <Filter>math\3d\geometry</Filter>
    </ClInclude>
    <ClInclude Include="SharedBase\ge_ray.h">
      <Filter>math\3d\geometry</Filter>
    </ClInclude>
    <ClInclude Include="SharedBase\ge_sphere.h">
      <Filter>math\3d\geometry</Filter>
    </ClInclude>
    <ClInclude Include="SharedBase\ge_stretch.h">
      <Filter>math\3d\geometry</Filter>
    </ClInclude>
    <ClInclude Include="SharedBase\ge_triangle.h">
      <Filter>math\3d\geometry</Filter>
    </ClInclude>
    <ClInclude Include="SharedBase\ge_unitedray.h">
      <Filter>math\3d\geometry</Filter>
    </ClInclude>
    <ClInclude Include="SharedBase\ge_volume.h">
      <Filter>math\3d\geometry</Filter>
    </ClInclude>
    <ClInclude Include="SharedBase\ge_axisangle.h">
      <Filter>math\3d</Filter>
    </ClInclude>
    <ClInclude Include="SharedBase\ge_eigenvector.h">
      <Filter>math\3d</Filter>
    </ClInclude>
    <ClInclude Include="SharedBase\ge_eulerangles.h">
      <Filter>math\3d</Filter>
    </ClInclude>
    <ClInclude Include="SharedBase\ge_matrix.h">
      <Filter>math\3d</Filter>
    </ClInclude>
    <ClInclude Include="SharedBase\ge_matrix3.h">
      <Filter>math\3d</Filter>
    </ClInclude>
    <ClInclude Include="SharedBase\ge_octtree.h">
      <Filter>math\3d</Filter>
    </ClInclude>
    <ClInclude Include="SharedBase\ge_quaternion.h">
      <Filter>math\3d</Filter>
    </ClInclude>
    <ClInclude Include="SharedBase\ge_sphericalrotation.h">
      <Filter>math\3d</Filter>
    </ClInclude>
    <ClInclude Include="SharedBase\ge_vector.h">
      <Filter>math\3d</Filter>
    </ClInclude>
    <ClInclude Include="SharedBase\ge_vector4.h">
      <Filter>math\3d</Filter>
    </ClInclude>
    <ClInclude Include="SharedBase\ge_ebertnoise.h">
      <Filter>math\noise</Filter>
    </ClInclude>
    <ClInclude Include="SharedBase\ge_noise.h">
      <Filter>math\noise</Filter>
    </ClInclude>
    <ClInclude Include="SharedBase\ge_peacheynoise.h">
      <Filter>math\noise</Filter>
    </ClInclude>
    <ClInclude Include="SharedBase\ge_perlinnoise.h">
      <Filter>math\noise</Filter>
    </ClInclude>
    <ClInclude Include="SharedBase\ge_range1.h">
      <Filter>math\range</Filter>
    </ClInclude>
    <ClInclude Include="SharedBase\ge_range2.h">
      <Filter>math\range</Filter>
    </ClInclude>
    <ClInclude Include="SharedBase\ge_range3.h">
      <Filter>math\range</Filter>
    </ClInclude>
    <ClInclude Include="SharedBase\ge_range4.h">
      <Filter>math\range</Filter>
    </ClInclude>
    <ClInclude Include="SharedBase\ge_flexiblevertexformat.h">
      <Filter>math</Filter>
    </ClInclude>
    <ClInclude Include="SharedBase\ge_flexiblevertexptr.h">
      <Filter>math</Filter>
    </ClInclude>
    <ClInclude Include="SharedBase\ge_md5.h">
      <Filter>math</Filter>
    </ClInclude>
    <ClInclude Include="SharedBase\ge_random.h">
      <Filter>math</Filter>
    </ClInclude>
    <ClInclude Include="SharedBase\ge_auto_po_smartptr.h">
      <Filter>propertysystem\base</Filter>
    </ClInclude>
    <ClInclude Include="SharedBase\ge_po_puresmartptr.h">
      <Filter>propertysystem\base</Filter>
    </ClInclude>
    <ClInclude Include="SharedBase\ge_propertyobject.h">
      <Filter>propertysystem\objects</Filter>
    </ClInclude>
    <ClInclude Include="SharedBase\ge_propertyobjecttype.h">
      <Filter>propertysystem\objects</Filter>
    </ClInclude>
    <ClInclude Include="SharedBase\ge_accessorcreator.h">
      <Filter>propertysystem</Filter>
    </ClInclude>
    <ClInclude Include="SharedBase\ge_accessorenum.h">
      <Filter>propertysystem</Filter>
    </ClInclude>
    <ClInclude Include="SharedBase\ge_accessorproperty.h">
      <Filter>propertysystem</Filter>
    </ClInclude>
    <ClInclude Include="SharedBase\ge_accessorpropertyobject.h">
      <Filter>propertysystem</Filter>
    </ClInclude>
    <ClInclude Include="SharedBase\ge_propertycontainer.h">
      <Filter>propertysystem</Filter>
    </ClInclude>
    <ClInclude Include="SharedBase\ge_propertyid.h">
      <Filter>propertysystem</Filter>
    </ClInclude>
    <ClInclude Include="SharedBase\ge_propertylayout.h">
      <Filter>propertysystem</Filter>
    </ClInclude>
    <ClInclude Include="SharedBase\ge_propertymacros.h">
      <Filter>propertysystem</Filter>
    </ClInclude>
    <ClInclude Include="SharedBase\ge_propertyobjectfactory.h">
      <Filter>propertysystem</Filter>
    </ClInclude>
    <ClInclude Include="SharedBase\ge_propertyobjectsingleton.h">
      <Filter>propertysystem</Filter>
    </ClInclude>
    <ClInclude Include="SharedBase\ge_def.h">
      <Filter>types</Filter>
    </ClInclude>
    <ClInclude Include="SharedBase\ge_delegatebase.h">
      <Filter>types</Filter>
    </ClInclude>
    <ClInclude Include="SharedBase\ge_guid.h">
      <Filter>types</Filter>
    </ClInclude>
    <ClInclude Include="SharedBase\ge_string.h">
      <Filter>types</Filter>
    </ClInclude>
    <ClInclude Include="SharedBase\ge_stringconverter.h">
      <Filter>types</Filter>
    </ClInclude>
    <ClInclude Include="SharedBase\ge_types.h">
      <Filter>types</Filter>
    </ClInclude>
    <ClInclude Include="SharedBase\ge_unicodestring.h">
      <Filter>types</Filter>
    </ClInclude>
    <ClInclude Include="SharedBase\ge_variant.h">
      <Filter>types</Filter>
    </ClInclude>
    <ClInclude Include="SharedBase.h" />
    <ClInclude Include="SharedBase\SharedBaseEnum.h" />
    <ClInclude Include="SharedBase\ge_streamutil.h" />
    <ClInclude Include="SharedBase\ge_propertyobjectbase.h">
      <Filter>propertysystem\objects</Filter>
    </ClInclude>
    <ClInclude Include="SharedBase\ge_propertyobjecttypebase.h">
      <Filter>propertysystem\objects</Filter>
    </ClInclude>
    <ClInclude Include="SharedBase\ge_propertytypebase.h">
      <Filter>propertysystem\types</Filter>
    </ClInclude>
    <ClInclude Include="SharedBase\ge_propertytype.h">
      <Filter>propertysystem\types</Filter>
    </ClInclude>
    <ClInclude Include="SharedBase\ge_propertytypeonly.h">
      <Filter>propertysystem\types</Filter>
    </ClInclude>
    <ClInclude Include="SharedBase\ge_enumwrapper.h">
      <Filter>propertysystem\enum</Filter>
    </ClInclude>
    <ClInclude Include="SharedBase\ge_globals.h">
      <Filter>types</Filter>
    </ClInclude>
    <ClInclude Include="SharedBase\ge_message.h">
      <Filter>kernel\message</Filter>
    </ClInclude>
    <ClInclude Include="SharedBase\ge_error.h">
      <Filter>kernel\error</Filter>
    </ClInclude>
    <ClInclude Include="SharedBase\ge_set.h">
      <Filter>container\set</Filter>
    </ClInclude>
  </ItemGroup>
  <ItemGroup>
    <None Include="SharedBase\ge_arraybase.inl">
      <Filter>container\array</Filter>
    </None>
    <None Include="SharedBase\ge_autoptrarray.inl">
      <Filter>container\array</Filter>
    </None>
    <None Include="SharedBase\ge_objarray.inl">
      <Filter>container\array</Filter>
    </None>
    <None Include="SharedBase\ge_objarraysort.inl">
      <Filter>container\array</Filter>
    </None>
    <None Include="SharedBase\ge_ptrarray.inl">
      <Filter>container\array</Filter>
    </None>
    <None Include="SharedBase\ge_ptrarraysort.inl">
      <Filter>container\array</Filter>
    </None>
    <None Include="SharedBase\ge_smallarray.inl">
      <Filter>container\array</Filter>
    </None>
    <None Include="SharedBase\ge_valarray.inl">
      <Filter>container\array</Filter>
    </None>
    <None Include="SharedBase\ge_valmap.inl">
      <Filter>container\map</Filter>
    </None>
    <None Include="SharedBase\ge_classnamebase.inl">
      <Filter>kernel\object</Filter>
    </None>
    <None Include="SharedBase\ge_volume.inl">
      <Filter>math\3d\geometry</Filter>
    </None>
    <None Include="SharedBase\ge_auto_po_smartptr.inl">
      <Filter>propertysystem\base</Filter>
    </None>
    <None Include="SharedBase\ge_po_puresmartptr.inl">
      <Filter>propertysystem\base</Filter>
    </None>
    <None Include="SharedBase\ge_propertyobject.inl">
      <Filter>propertysystem\objects</Filter>
    </None>
    <None Include="SharedBase\ge_propertyobjecttype.inl">
      <Filter>propertysystem\objects</Filter>
    </None>
    <None Include="SharedBase\ge_propertycontainer.inl">
      <Filter>propertysystem</Filter>
    </None>
    <None Include="SharedBase\ge_propertytype.inl">
      <Filter>propertysystem\types</Filter>
    </None>
    <None Include="SharedBase\ge_propertytypeonly.inl">
      <Filter>propertysystem\types</Filter>
    </None>
    <None Include="SharedBase\ge_enumwrapper.inl">
      <Filter>propertysystem\enum</Filter>
    </None>
    <None Include="SharedBase\ge_objstack.inl">
      <Filter>container\stack</Filter>
    </None>
    <None Include="SharedBase\ge_delegatebase.inl">
      <Filter>types</Filter>
    </None>
    <None Include="SharedBase\ge_set.inl">
      <Filter>container\set</Filter>
    </None>
  </ItemGroup>
  <ItemGroup>
    <ClCompile Include="SharedBase.cpp" />
    <ClCompile Include="SharedBase\ge_streamutil.cpp" />
    <ClCompile Include="SharedBase\ge_enumwrapper.cpp">
      <Filter>propertysystem\enum</Filter>
    </ClCompile>
  </ItemGroup>
</Project>